
Microsoft Visual Studio Solution File, Format Version 12.00
# Visual Studio Version 16
VisualStudioVersion = 16.0.31624.102
MinimumVisualStudioVersion = 10.0.40219.1
Project("{9A19103F-16F7-4668-BE54-9A1E7A4F7556}") = "InformationProtection", "Защита информации ЛБ №1\InformationProtection.csproj", "{CCBF2729-E7B7-460D-877E-A1E9CD015429}"
EndProject
Global
	GlobalSection(SolutionConfigurationPlatforms) = preSolution
		Debug|Any CPU = Debug|Any CPU
		Release|Any CPU = Release|Any CPU
	EndGlobalSection
	GlobalSection(ProjectConfigurationPlatforms) = postSolution
		{CCBF2729-E7B7-460D-877E-A1E9CD015429}.Debug|Any CPU.ActiveCfg = Debug|Any CPU
		{CCBF2729-E7B7-460D-877E-A1E9CD015429}.Debug|Any CPU.Build.0 = Debug|Any CPU
		{CCBF2729-E7B7-460D-877E-A1E9CD015429}.Release|Any CPU.ActiveCfg = Release|Any CPU
		{CCBF2729-E7B7-460D-877E-A1E9CD015429}.Release|Any CPU.Build.0 = Release|Any CPU
	EndGlobalSection
	GlobalSection(SolutionProperties) = preSolution
		HideSolutionNode = FALSE
	EndGlobalSection
	GlobalSection(ExtensibilityGlobals) = postSolution
		SolutionGuid = {A32B274B-E229-4F1D-B617-93AD0F9D043F}
	EndGlobalSection
EndGlobal
